{
  "name": "gluonjs",
  "version": "2.0.0-preview.4",
  "lockfileVersion": 1,
  "requires": true,
  "dependencies": {
    "lit-html": {
      "version": "0.6.0",
      "resolved": "https://registry.npmjs.org/lit-html/-/lit-html-0.6.0.tgz",
      "integrity": "sha512-H8CmAxZ9kdhiEyrcKNBlFF4pREp5/BKzIPE3EggKISEMT10Ez6WxwR3mzGPUfwgjTX9UQHAzLMtpn4tNkqS5sg=="
    }
  }
}
